
Microsoft Visual Studio Solution File, Format Version 12.00
# Visual Studio 2012
Project("{FAE04EC0-301F-11D3-BF4B-00C04F79EFBC}") = "Swine Pro", "Swine Pro\Swine Pro.csproj", "{50C41B0F-CD69-4943-B10A-92ADE6205CC3}"
EndProject
Project("{6141683F-8A12-4E36-9623-2EB02B2C2303}") = "Setup1", "Setup1\Setup1.isproj", "{9C55D8EF-D786-4299-9590-7491C8AC590A}"
EndProject
Global
	GlobalSection(SolutionConfigurationPlatforms) = preSolution
		CD_ROM|Any CPU = CD_ROM|Any CPU
		Debug|Any CPU = Debug|Any CPU
		DVD-5|Any CPU = DVD-5|Any CPU
		Release|Any CPU = Release|Any CPU
		SingleImage|Any CPU = SingleImage|Any CPU
	EndGlobalSection
	GlobalSection(ProjectConfigurationPlatforms) = postSolution
		{50C41B0F-CD69-4943-B10A-92ADE6205CC3}.CD_ROM|Any CPU.ActiveCfg = Release|Any CPU
		{50C41B0F-CD69-4943-B10A-92ADE6205CC3}.CD_ROM|Any CPU.Build.0 = Release|Any CPU
		{50C41B0F-CD69-4943-B10A-92ADE6205CC3}.Debug|Any CPU.ActiveCfg = Debug|Any CPU
		{50C41B0F-CD69-4943-B10A-92ADE6205CC3}.Debug|Any CPU.Build.0 = Debug|Any CPU
		{50C41B0F-CD69-4943-B10A-92ADE6205CC3}.DVD-5|Any CPU.ActiveCfg = Debug|Any CPU
		{50C41B0F-CD69-4943-B10A-92ADE6205CC3}.DVD-5|Any CPU.Build.0 = Debug|Any CPU
		{50C41B0F-CD69-4943-B10A-92ADE6205CC3}.Release|Any CPU.ActiveCfg = Release|Any CPU
		{50C41B0F-CD69-4943-B10A-92ADE6205CC3}.Release|Any CPU.Build.0 = Release|Any CPU
		{50C41B0F-CD69-4943-B10A-92ADE6205CC3}.SingleImage|Any CPU.ActiveCfg = Release|Any CPU
		{50C41B0F-CD69-4943-B10A-92ADE6205CC3}.SingleImage|Any CPU.Build.0 = Release|Any CPU
		{9C55D8EF-D786-4299-9590-7491C8AC590A}.CD_ROM|Any CPU.ActiveCfg = CD_ROM
		{9C55D8EF-D786-4299-9590-7491C8AC590A}.CD_ROM|Any CPU.Build.0 = CD_ROM
		{9C55D8EF-D786-4299-9590-7491C8AC590A}.Debug|Any CPU.ActiveCfg = DVD-5
		{9C55D8EF-D786-4299-9590-7491C8AC590A}.Debug|Any CPU.Build.0 = DVD-5
		{9C55D8EF-D786-4299-9590-7491C8AC590A}.DVD-5|Any CPU.ActiveCfg = DVD-5
		{9C55D8EF-D786-4299-9590-7491C8AC590A}.DVD-5|Any CPU.Build.0 = DVD-5
		{9C55D8EF-D786-4299-9590-7491C8AC590A}.Release|Any CPU.ActiveCfg = SingleImage
		{9C55D8EF-D786-4299-9590-7491C8AC590A}.Release|Any CPU.Build.0 = SingleImage
		{9C55D8EF-D786-4299-9590-7491C8AC590A}.SingleImage|Any CPU.ActiveCfg = SingleImage
		{9C55D8EF-D786-4299-9590-7491C8AC590A}.SingleImage|Any CPU.Build.0 = SingleImage
	EndGlobalSection
	GlobalSection(SolutionProperties) = preSolution
		HideSolutionNode = FALSE
	EndGlobalSection
EndGlobal
